// !$*UTF8*$!
{
	archiveVersion = 1;
	classes = {
	};
	objectVersion = 46;
	objects = {

/* Begin PBXBuildFile section */
		974B2DA91BA14D8900F42CCA /* ARPhotoPickerAssetsController.m in Sources */ = {isa = PBXBuildFile; fileRef = 974B2D991BA14D8900F42CCA /* ARPhotoPickerAssetsController.m */; };
		974B2DAA1BA14D8900F42CCA /* ARPhotoPickerController.m in Sources */ = {isa = PBXBuildFile; fileRef = 974B2D9B1BA14D8900F42CCA /* ARPhotoPickerController.m */; };
		974B2DAB1BA14D8900F42CCA /* ARPhotoPickerGroupController.m in Sources */ = {isa = PBXBuildFile; fileRef = 974B2D9D1BA14D8900F42CCA /* ARPhotoPickerGroupController.m */; };
		974B2DAC1BA14D8900F42CCA /* ARPhotoPickerAssetCell.m in Sources */ = {isa = PBXBuildFile; fileRef = 974B2DA11BA14D8900F42CCA /* ARPhotoPickerAssetCell.m */; };
		974B2DAD1BA14D8900F42CCA /* ARPhotoPickerAssetCell.xib in Resources */ = {isa = PBXBuildFile; fileRef = 974B2DA21BA14D8900F42CCA /* ARPhotoPickerAssetCell.xib */; };
		974B2DAE1BA14D8900F42CCA /* ARPhotoPickerAssetsFooterView.m in Sources */ = {isa = PBXBuildFile; fileRef = 974B2DA41BA14D8900F42CCA /* ARPhotoPickerAssetsFooterView.m */; };
		974B2DAF1BA14D8900F42CCA /* ARPhotoPickerAssetsFooterView.xib in Resources */ = {isa = PBXBuildFile; fileRef = 974B2DA51BA14D8900F42CCA /* ARPhotoPickerAssetsFooterView.xib */; };
		974B2DB01BA14D8900F42CCA /* ARPhotoPickerGroupCell.m in Sources */ = {isa = PBXBuildFile; fileRef = 974B2DA71BA14D8900F42CCA /* ARPhotoPickerGroupCell.m */; };
		974B2DB11BA14D8900F42CCA /* ARPhotoPickerGroupCell.xib in Resources */ = {isa = PBXBuildFile; fileRef = 974B2DA81BA14D8900F42CCA /* ARPhotoPickerGroupCell.xib */; };
		974B2DB31BA14E2300F42CCA /* Icons.xcassets in Resources */ = {isa = PBXBuildFile; fileRef = 974B2DB21BA14E2300F42CCA /* Icons.xcassets */; };
		974B2DB71BA1763C00F42CCA /* PHAsset+ARPhotoPicker.m in Sources */ = {isa = PBXBuildFile; fileRef = 974B2DB61BA1763C00F42CCA /* PHAsset+ARPhotoPicker.m */; };
		974B2DBA1BA2759900F42CCA /* ARPhotoPicker.strings in Resources */ = {isa = PBXBuildFile; fileRef = 974B2DBC1BA2759900F42CCA /* ARPhotoPicker.strings */; };
		974B2DC51BA2824E00F42CCA /* ARPhotoPickerPreviewController.m in Sources */ = {isa = PBXBuildFile; fileRef = 974B2DC41BA2824E00F42CCA /* ARPhotoPickerPreviewController.m */; };
		974B2DC81BA282E400F42CCA /* UIView+ARPPAutoLayout.m in Sources */ = {isa = PBXBuildFile; fileRef = 974B2DC71BA282E400F42CCA /* UIView+ARPPAutoLayout.m */; };
		974B2DCE1BA2B25000F42CCA /* ARPhotoPickerAssetsToolBar.m in Sources */ = {isa = PBXBuildFile; fileRef = 974B2DCD1BA2B25000F42CCA /* ARPhotoPickerAssetsToolBar.m */; };
		974B2DD01BA2B26400F42CCA /* ARPhotoPickerAssetsToolBar.xib in Resources */ = {isa = PBXBuildFile; fileRef = 974B2DCF1BA2B26400F42CCA /* ARPhotoPickerAssetsToolBar.xib */; };
		974B2DD31BA2C4F500F42CCA /* ARPhotoPickerAssetItemViewController.m in Sources */ = {isa = PBXBuildFile; fileRef = 974B2DD21BA2C4F500F42CCA /* ARPhotoPickerAssetItemViewController.m */; };
		97E5AD3A1BA01AF0003B43A2 /* main.m in Sources */ = {isa = PBXBuildFile; fileRef = 97E5AD391BA01AF0003B43A2 /* main.m */; };
		97E5AD3D1BA01AF0003B43A2 /* AppDelegate.m in Sources */ = {isa = PBXBuildFile; fileRef = 97E5AD3C1BA01AF0003B43A2 /* AppDelegate.m */; };
		97E5AD401BA01AF0003B43A2 /* ViewController.m in Sources */ = {isa = PBXBuildFile; fileRef = 97E5AD3F1BA01AF0003B43A2 /* ViewController.m */; };
		97E5AD431BA01AF0003B43A2 /* Main.storyboard in Resources */ = {isa = PBXBuildFile; fileRef = 97E5AD411BA01AF0003B43A2 /* Main.storyboard */; };
		97E5AD451BA01AF0003B43A2 /* Images.xcassets in Resources */ = {isa = PBXBuildFile; fileRef = 97E5AD441BA01AF0003B43A2 /* Images.xcassets */; };
		97E5AD481BA01AF0003B43A2 /* LaunchScreen.xib in Resources */ = {isa = PBXBuildFile; fileRef = 97E5AD461BA01AF0003B43A2 /* LaunchScreen.xib */; };
		97E5AD541BA01AF0003B43A2 /* ARPhotoPickerExampleTests.m in Sources */ = {isa = PBXBuildFile; fileRef = 97E5AD531BA01AF0003B43A2 /* ARPhotoPickerExampleTests.m */; };
/* End PBXBuildFile section */

/* Begin PBXContainerItemProxy section */
		97E5AD4E1BA01AF0003B43A2 /* PBXContainerItemProxy */ = {
			isa = PBXContainerItemProxy;
			containerPortal = 97E5AD2C1BA01AF0003B43A2 /* Project object */;
			proxyType = 1;
			remoteGlobalIDString = 97E5AD331BA01AF0003B43A2;
			remoteInfo = ARPhotoPickerExample;
		};
/* End PBXContainerItemProxy section */

/* Begin PBXFileReference section */
		974B2D981BA14D8900F42CCA /* ARPhotoPickerAssetsController.h */ = {isa = PBXFileReference; fileEncoding = 4; lastKnownFileType = sourcecode.c.h; path = ARPhotoPickerAssetsController.h; sourceTree = "<group>"; };
		974B2D991BA14D8900F42CCA /* ARPhotoPickerAssetsController.m */ = {isa = PBXFileReference; fileEncoding = 4; lastKnownFileType = sourcecode.c.objc; path = ARPhotoPickerAssetsController.m; sourceTree = "<group>"; };
		974B2D9A1BA14D8900F42CCA /* ARPhotoPickerController.h */ = {isa = PBXFileReference; fileEncoding = 4; lastKnownFileType = sourcecode.c.h; path = ARPhotoPickerController.h; sourceTree = "<group>"; };
		974B2D9B1BA14D8900F42CCA /* ARPhotoPickerController.m */ = {isa = PBXFileReference; fileEncoding = 4; lastKnownFileType = sourcecode.c.objc; path = ARPhotoPickerController.m; sourceTree = "<group>"; };
		974B2D9C1BA14D8900F42CCA /* ARPhotoPickerGroupController.h */ = {isa = PBXFileReference; fileEncoding = 4; lastKnownFileType = sourcecode.c.h; path = ARPhotoPickerGroupController.h; sourceTree = "<group>"; };
		974B2D9D1BA14D8900F42CCA /* ARPhotoPickerGroupController.m */ = {isa = PBXFileReference; fileEncoding = 4; lastKnownFileType = sourcecode.c.objc; path = ARPhotoPickerGroupController.m; sourceTree = "<group>"; };
		974B2DA01BA14D8900F42CCA /* ARPhotoPickerAssetCell.h */ = {isa = PBXFileReference; fileEncoding = 4; lastKnownFileType = sourcecode.c.h; path = ARPhotoPickerAssetCell.h; sourceTree = "<group>"; };
		974B2DA11BA14D8900F42CCA /* ARPhotoPickerAssetCell.m */ = {isa = PBXFileReference; fileEncoding = 4; lastKnownFileType = sourcecode.c.objc; path = ARPhotoPickerAssetCell.m; sourceTree = "<group>"; };
		974B2DA21BA14D8900F42CCA /* ARPhotoPickerAssetCell.xib */ = {isa = PBXFileReference; fileEncoding = 4; lastKnownFileType = file.xib; path = ARPhotoPickerAssetCell.xib; sourceTree = "<group>"; };
		974B2DA31BA14D8900F42CCA /* ARPhotoPickerAssetsFooterView.h */ = {isa = PBXFileReference; fileEncoding = 4; lastKnownFileType = sourcecode.c.h; path = ARPhotoPickerAssetsFooterView.h; sourceTree = "<group>"; };
		974B2DA41BA14D8900F42CCA /* ARPhotoPickerAssetsFooterView.m */ = {isa = PBXFileReference; fileEncoding = 4; lastKnownFileType = sourcecode.c.objc; path = ARPhotoPickerAssetsFooterView.m; sourceTree = "<group>"; };
		974B2DA51BA14D8900F42CCA /* ARPhotoPickerAssetsFooterView.xib */ = {isa = PBXFileReference; fileEncoding = 4; lastKnownFileType = file.xib; path = ARPhotoPickerAssetsFooterView.xib; sourceTree = "<group>"; };
		974B2DA61BA14D8900F42CCA /* ARPhotoPickerGroupCell.h */ = {isa = PBXFileReference; fileEncoding = 4; lastKnownFileType = sourcecode.c.h; path = ARPhotoPickerGroupCell.h; sourceTree = "<group>"; };
		974B2DA71BA14D8900F42CCA /* ARPhotoPickerGroupCell.m */ = {isa = PBXFileReference; fileEncoding = 4; lastKnownFileType = sourcecode.c.objc; path = ARPhotoPickerGroupCell.m; sourceTree = "<group>"; };
		974B2DA81BA14D8900F42CCA /* ARPhotoPickerGroupCell.xib */ = {isa = PBXFileReference; fileEncoding = 4; lastKnownFileType = file.xib; path = ARPhotoPickerGroupCell.xib; sourceTree = "<group>"; };
		974B2DB21BA14E2300F42CCA /* Icons.xcassets */ = {isa = PBXFileReference; lastKnownFileType = folder.assetcatalog; path = Icons.xcassets; sourceTree = "<group>"; };
		974B2DB51BA1763C00F42CCA /* PHAsset+ARPhotoPicker.h */ = {isa = PBXFileReference; fileEncoding = 4; lastKnownFileType = sourcecode.c.h; path = "PHAsset+ARPhotoPicker.h"; sourceTree = "<group>"; };
		974B2DB61BA1763C00F42CCA /* PHAsset+ARPhotoPicker.m */ = {isa = PBXFileReference; fileEncoding = 4; lastKnownFileType = sourcecode.c.objc; path = "PHAsset+ARPhotoPicker.m"; sourceTree = "<group>"; };
		974B2DBE1BA2773100F42CCA /* zh-Hans */ = {isa = PBXFileReference; lastKnownFileType = text.plist.strings; name = "zh-Hans"; path = "zh-Hans.lproj/Main.strings"; sourceTree = "<group>"; };
		974B2DBF1BA2773100F42CCA /* zh-Hans */ = {isa = PBXFileReference; lastKnownFileType = text.plist.strings; name = "zh-Hans"; path = "zh-Hans.lproj/LaunchScreen.strings"; sourceTree = "<group>"; };
		974B2DC01BA2773100F42CCA /* zh-Hans */ = {isa = PBXFileReference; lastKnownFileType = text.plist.strings; name = "zh-Hans"; path = "zh-Hans.lproj/ARPhotoPicker.strings"; sourceTree = "<group>"; };
		974B2DC11BA2775700F42CCA /* en */ = {isa = PBXFileReference; lastKnownFileType = text.plist.strings; name = en; path = en.lproj/ARPhotoPicker.strings; sourceTree = "<group>"; };
		974B2DC21BA2784A00F42CCA /* ARPhotoPickerMacros.h */ = {isa = PBXFileReference; lastKnownFileType = sourcecode.c.h; path = ARPhotoPickerMacros.h; sourceTree = "<group>"; };
		974B2DC31BA2824E00F42CCA /* ARPhotoPickerPreviewController.h */ = {isa = PBXFileReference; fileEncoding = 4; lastKnownFileType = sourcecode.c.h; path = ARPhotoPickerPreviewController.h; sourceTree = "<group>"; };
		974B2DC41BA2824E00F42CCA /* ARPhotoPickerPreviewController.m */ = {isa = PBXFileReference; fileEncoding = 4; lastKnownFileType = sourcecode.c.objc; path = ARPhotoPickerPreviewController.m; sourceTree = "<group>"; };
		974B2DC61BA282E400F42CCA /* UIView+ARPPAutoLayout.h */ = {isa = PBXFileReference; fileEncoding = 4; lastKnownFileType = sourcecode.c.h; path = "UIView+ARPPAutoLayout.h"; sourceTree = "<group>"; };
		974B2DC71BA282E400F42CCA /* UIView+ARPPAutoLayout.m */ = {isa = PBXFileReference; fileEncoding = 4; lastKnownFileType = sourcecode.c.objc; path = "UIView+ARPPAutoLayout.m"; sourceTree = "<group>"; };
		974B2DCC1BA2B25000F42CCA /* ARPhotoPickerAssetsToolBar.h */ = {isa = PBXFileReference; fileEncoding = 4; lastKnownFileType = sourcecode.c.h; path = ARPhotoPickerAssetsToolBar.h; sourceTree = "<group>"; };
		974B2DCD1BA2B25000F42CCA /* ARPhotoPickerAssetsToolBar.m */ = {isa = PBXFileReference; fileEncoding = 4; lastKnownFileType = sourcecode.c.objc; path = ARPhotoPickerAssetsToolBar.m; sourceTree = "<group>"; };
		974B2DCF1BA2B26400F42CCA /* ARPhotoPickerAssetsToolBar.xib */ = {isa = PBXFileReference; fileEncoding = 4; lastKnownFileType = file.xib; path = ARPhotoPickerAssetsToolBar.xib; sourceTree = "<group>"; };
		974B2DD11BA2C4F500F42CCA /* ARPhotoPickerAssetItemViewController.h */ = {isa = PBXFileReference; fileEncoding = 4; lastKnownFileType = sourcecode.c.h; path = ARPhotoPickerAssetItemViewController.h; sourceTree = "<group>"; };
		974B2DD21BA2C4F500F42CCA /* ARPhotoPickerAssetItemViewController.m */ = {isa = PBXFileReference; fileEncoding = 4; lastKnownFileType = sourcecode.c.objc; path = ARPhotoPickerAssetItemViewController.m; sourceTree = "<group>"; };
		97E5AD341BA01AF0003B43A2 /* ARPhotoPickerExample.app */ = {isa = PBXFileReference; explicitFileType = wrapper.application; includeInIndex = 0; path = ARPhotoPickerExample.app; sourceTree = BUILT_PRODUCTS_DIR; };
		97E5AD381BA01AF0003B43A2 /* Info.plist */ = {isa = PBXFileReference; lastKnownFileType = text.plist.xml; path = Info.plist; sourceTree = "<group>"; };
		97E5AD391BA01AF0003B43A2 /* main.m */ = {isa = PBXFileReference; lastKnownFileType = sourcecode.c.objc; path = main.m; sourceTree = "<group>"; };
		97E5AD3B1BA01AF0003B43A2 /* AppDelegate.h */ = {isa = PBXFileReference; lastKnownFileType = sourcecode.c.h; path = AppDelegate.h; sourceTree = "<group>"; };
		97E5AD3C1BA01AF0003B43A2 /* AppDelegate.m */ = {isa = PBXFileReference; lastKnownFileType = sourcecode.c.objc; path = AppDelegate.m; sourceTree = "<group>"; };
		97E5AD3E1BA01AF0003B43A2 /* ViewController.h */ = {isa = PBXFileReference; lastKnownFileType = sourcecode.c.h; path = ViewController.h; sourceTree = "<group>"; };
		97E5AD3F1BA01AF0003B43A2 /* ViewController.m */ = {isa = PBXFileReference; lastKnownFileType = sourcecode.c.objc; path = ViewController.m; sourceTree = "<group>"; };
		97E5AD421BA01AF0003B43A2 /* Base */ = {isa = PBXFileReference; lastKnownFileType = file.storyboard; name = Base; path = Base.lproj/Main.storyboard; sourceTree = "<group>"; };
		97E5AD441BA01AF0003B43A2 /* Images.xcassets */ = {isa = PBXFileReference; lastKnownFileType = folder.assetcatalog; path = Images.xcassets; sourceTree = "<group>"; };
		97E5AD471BA01AF0003B43A2 /* Base */ = {isa = PBXFileReference; lastKnownFileType = file.xib; name = Base; path = Base.lproj/LaunchScreen.xib; sourceTree = "<group>"; };
		97E5AD4D1BA01AF0003B43A2 /* ARPhotoPickerExampleTests.xctest */ = {isa = PBXFileReference; explicitFileType = wrapper.cfbundle; includeInIndex = 0; path = ARPhotoPickerExampleTests.xctest; sourceTree = BUILT_PRODUCTS_DIR; };
		97E5AD521BA01AF0003B43A2 /* Info.plist */ = {isa = PBXFileReference; lastKnownFileType = text.plist.xml; path = Info.plist; sourceTree = "<group>"; };
		97E5AD531BA01AF0003B43A2 /* ARPhotoPickerExampleTests.m */ = {isa = PBXFileReference; lastKnownFileType = sourcecode.c.objc; path = ARPhotoPickerExampleTests.m; sourceTree = "<group>"; };
		97E5AD5E1BA01B90003B43A2 /* ARPhotoPicker.h */ = {isa = PBXFileReference; fileEncoding = 4; lastKnownFileType = sourcecode.c.h; path = ARPhotoPicker.h; sourceTree = "<group>"; };
/* End PBXFileReference section */

/* Begin PBXFrameworksBuildPhase section */
		97E5AD311BA01AF0003B43A2 /* Frameworks */ = {
			isa = PBXFrameworksBuildPhase;
			buildActionMask = 2147483647;
			files = (
			);
			runOnlyForDeploymentPostprocessing = 0;
		};
		97E5AD4A1BA01AF0003B43A2 /* Frameworks */ = {
			isa = PBXFrameworksBuildPhase;
			buildActionMask = 2147483647;
			files = (
			);
			runOnlyForDeploymentPostprocessing = 0;
		};
/* End PBXFrameworksBuildPhase section */

/* Begin PBXGroup section */
		974B2D971BA14D8900F42CCA /* Contollers */ = {
			isa = PBXGroup;
			children = (
				974B2D9A1BA14D8900F42CCA /* ARPhotoPickerController.h */,
				974B2D9B1BA14D8900F42CCA /* ARPhotoPickerController.m */,
				974B2D9C1BA14D8900F42CCA /* ARPhotoPickerGroupController.h */,
				974B2D9D1BA14D8900F42CCA /* ARPhotoPickerGroupController.m */,
				974B2D981BA14D8900F42CCA /* ARPhotoPickerAssetsController.h */,
				974B2D991BA14D8900F42CCA /* ARPhotoPickerAssetsController.m */,
				974B2DC31BA2824E00F42CCA /* ARPhotoPickerPreviewController.h */,
				974B2DC41BA2824E00F42CCA /* ARPhotoPickerPreviewController.m */,
				974B2DD11BA2C4F500F42CCA /* ARPhotoPickerAssetItemViewController.h */,
				974B2DD21BA2C4F500F42CCA /* ARPhotoPickerAssetItemViewController.m */,
			);
			path = Contollers;
			sourceTree = "<group>";
		};
		974B2D9E1BA14D8900F42CCA /* Resources */ = {
			isa = PBXGroup;
			children = (
				974B2DB21BA14E2300F42CCA /* Icons.xcassets */,
				974B2DBC1BA2759900F42CCA /* ARPhotoPicker.strings */,
			);
			path = Resources;
			sourceTree = "<group>";
		};
		974B2D9F1BA14D8900F42CCA /* Views */ = {
			isa = PBXGroup;
			children = (
				974B2DA01BA14D8900F42CCA /* ARPhotoPickerAssetCell.h */,
				974B2DA11BA14D8900F42CCA /* ARPhotoPickerAssetCell.m */,
				974B2DA21BA14D8900F42CCA /* ARPhotoPickerAssetCell.xib */,
				974B2DA31BA14D8900F42CCA /* ARPhotoPickerAssetsFooterView.h */,
				974B2DA41BA14D8900F42CCA /* ARPhotoPickerAssetsFooterView.m */,
				974B2DA51BA14D8900F42CCA /* ARPhotoPickerAssetsFooterView.xib */,
				974B2DA61BA14D8900F42CCA /* ARPhotoPickerGroupCell.h */,
				974B2DA71BA14D8900F42CCA /* ARPhotoPickerGroupCell.m */,
				974B2DA81BA14D8900F42CCA /* ARPhotoPickerGroupCell.xib */,
				974B2DCC1BA2B25000F42CCA /* ARPhotoPickerAssetsToolBar.h */,
				974B2DCD1BA2B25000F42CCA /* ARPhotoPickerAssetsToolBar.m */,
				974B2DCF1BA2B26400F42CCA /* ARPhotoPickerAssetsToolBar.xib */,
			);
			path = Views;
			sourceTree = "<group>";
		};
		974B2DB41BA1761500F42CCA /* Category */ = {
			isa = PBXGroup;
			children = (
				974B2DB51BA1763C00F42CCA /* PHAsset+ARPhotoPicker.h */,
				974B2DB61BA1763C00F42CCA /* PHAsset+ARPhotoPicker.m */,
				974B2DC61BA282E400F42CCA /* UIView+ARPPAutoLayout.h */,
				974B2DC71BA282E400F42CCA /* UIView+ARPPAutoLayout.m */,
			);
			path = Category;
			sourceTree = "<group>";
		};
		97E5AD2B1BA01AF0003B43A2 = {
			isa = PBXGroup;
			children = (
				97E5AD361BA01AF0003B43A2 /* ARPhotoPickerExample */,
				97E5AD501BA01AF0003B43A2 /* ARPhotoPickerExampleTests */,
				97E5AD351BA01AF0003B43A2 /* Products */,
			);
			sourceTree = "<group>";
		};
		97E5AD351BA01AF0003B43A2 /* Products */ = {
			isa = PBXGroup;
			children = (
				97E5AD341BA01AF0003B43A2 /* ARPhotoPickerExample.app */,
				97E5AD4D1BA01AF0003B43A2 /* ARPhotoPickerExampleTests.xctest */,
			);
			name = Products;
			sourceTree = "<group>";
		};
		97E5AD361BA01AF0003B43A2 /* ARPhotoPickerExample */ = {
			isa = PBXGroup;
			children = (
				97E5AD5D1BA01B76003B43A2 /* Source */,
				97E5AD3B1BA01AF0003B43A2 /* AppDelegate.h */,
				97E5AD3C1BA01AF0003B43A2 /* AppDelegate.m */,
				97E5AD3E1BA01AF0003B43A2 /* ViewController.h */,
				97E5AD3F1BA01AF0003B43A2 /* ViewController.m */,
				97E5AD411BA01AF0003B43A2 /* Main.storyboard */,
				97E5AD441BA01AF0003B43A2 /* Images.xcassets */,
				97E5AD461BA01AF0003B43A2 /* LaunchScreen.xib */,
				97E5AD371BA01AF0003B43A2 /* Supporting Files */,
			);
			path = ARPhotoPickerExample;
			sourceTree = "<group>";
		};
		97E5AD371BA01AF0003B43A2 /* Supporting Files */ = {
			isa = PBXGroup;
			children = (
				97E5AD381BA01AF0003B43A2 /* Info.plist */,
				97E5AD391BA01AF0003B43A2 /* main.m */,
			);
			name = "Supporting Files";
			sourceTree = "<group>";
		};
		97E5AD501BA01AF0003B43A2 /* ARPhotoPickerExampleTests */ = {
			isa = PBXGroup;
			children = (
				97E5AD531BA01AF0003B43A2 /* ARPhotoPickerExampleTests.m */,
				97E5AD511BA01AF0003B43A2 /* Supporting Files */,
			);
			path = ARPhotoPickerExampleTests;
			sourceTree = "<group>";
		};
		97E5AD511BA01AF0003B43A2 /* Supporting Files */ = {
			isa = PBXGroup;
			children = (
				97E5AD521BA01AF0003B43A2 /* Info.plist */,
			);
			name = "Supporting Files";
			sourceTree = "<group>";
		};
		97E5AD5D1BA01B76003B43A2 /* Source */ = {
			isa = PBXGroup;
			children = (
				97E5AD5E1BA01B90003B43A2 /* ARPhotoPicker.h */,
				974B2DC21BA2784A00F42CCA /* ARPhotoPickerMacros.h */,
				974B2DB41BA1761500F42CCA /* Category */,
				974B2D971BA14D8900F42CCA /* Contollers */,
				974B2D9E1BA14D8900F42CCA /* Resources */,
				974B2D9F1BA14D8900F42CCA /* Views */,
			);
			name = Source;
			path = ../../Source;
			sourceTree = "<group>";
		};
/* End PBXGroup section */

/* Begin PBXNativeTarget section */
		97E5AD331BA01AF0003B43A2 /* ARPhotoPickerExample */ = {
			isa = PBXNativeTarget;
			buildConfigurationList = 97E5AD571BA01AF0003B43A2 /* Build configuration list for PBXNativeTarget "ARPhotoPickerExample" */;
			buildPhases = (
				97E5AD301BA01AF0003B43A2 /* Sources */,
				97E5AD311BA01AF0003B43A2 /* Frameworks */,
				97E5AD321BA01AF0003B43A2 /* Resources */,
			);
			buildRules = (
			);
			dependencies = (
			);
			name = ARPhotoPickerExample;
			productName = ARPhotoPickerExample;
			productReference = 97E5AD341BA01AF0003B43A2 /* ARPhotoPickerExample.app */;
			productType = "com.apple.product-type.application";
		};
		97E5AD4C1BA01AF0003B43A2 /* ARPhotoPickerExampleTests */ = {
			isa = PBXNativeTarget;
			buildConfigurationList = 97E5AD5A1BA01AF0003B43A2 /* Build configuration list for PBXNativeTarget "ARPhotoPickerExampleTests" */;
			buildPhases = (
				97E5AD491BA01AF0003B43A2 /* Sources */,
				97E5AD4A1BA01AF0003B43A2 /* Frameworks */,
				97E5AD4B1BA01AF0003B43A2 /* Resources */,
			);
			buildRules = (
			);
			dependencies = (
				97E5AD4F1BA01AF0003B43A2 /* PBXTargetDependency */,
			);
			name = ARPhotoPickerExampleTests;
			productName = ARPhotoPickerExampleTests;
			productReference = 97E5AD4D1BA01AF0003B43A2 /* ARPhotoPickerExampleTests.xctest */;
			productType = "com.apple.product-type.bundle.unit-test";
		};
/* End PBXNativeTarget section */

/* Begin PBXProject section */
		97E5AD2C1BA01AF0003B43A2 /* Project object */ = {
			isa = PBXProject;
			attributes = {
				LastUpgradeCheck = 0640;
				ORGANIZATIONNAME = August;
				TargetAttributes = {
					97E5AD331BA01AF0003B43A2 = {
						CreatedOnToolsVersion = 6.4;
					};
					97E5AD4C1BA01AF0003B43A2 = {
						CreatedOnToolsVersion = 6.4;
						TestTargetID = 97E5AD331BA01AF0003B43A2;
					};
				};
			};
			buildConfigurationList = 97E5AD2F1BA01AF0003B43A2 /* Build configuration list for PBXProject "ARPhotoPickerExample" */;
			compatibilityVersion = "Xcode 3.2";
			developmentRegion = English;
			hasScannedForEncodings = 0;
			knownRegions = (
				en,
				Base,
				"zh-Hans",
			);
			mainGroup = 97E5AD2B1BA01AF0003B43A2;
			productRefGroup = 97E5AD351BA01AF0003B43A2 /* Products */;
			projectDirPath = "";
			projectRoot = "";
			targets = (
				97E5AD331BA01AF0003B43A2 /* ARPhotoPickerExample */,
				97E5AD4C1BA01AF0003B43A2 /* ARPhotoPickerExampleTests */,
			);
		};
/* End PBXProject section */

/* Begin PBXResourcesBuildPhase section */
		97E5AD321BA01AF0003B43A2 /* Resources */ = {
			isa = PBXResourcesBuildPhase;
			buildActionMask = 2147483647;
			files = (
				974B2DBA1BA2759900F42CCA /* ARPhotoPicker.strings in Resources */,
				97E5AD431BA01AF0003B43A2 /* Main.storyboard in Resources */,
				97E5AD481BA01AF0003B43A2 /* LaunchScreen.xib in Resources */,
				974B2DB31BA14E2300F42CCA /* Icons.xcassets in Resources */,
				974B2DD01BA2B26400F42CCA /* ARPhotoPickerAssetsToolBar.xib in Resources */,
				974B2DAD1BA14D8900F42CCA /* ARPhotoPickerAssetCell.xib in Resources */,
				97E5AD451BA01AF0003B43A2 /* Images.xcassets in Resources */,
				974B2DAF1BA14D8900F42CCA /* ARPhotoPickerAssetsFooterView.xib in Resources */,
				974B2DB11BA14D8900F42CCA /* ARPhotoPickerGroupCell.xib in Resources */,
			);
			runOnlyForDeploymentPostprocessing = 0;
		};
		97E5AD4B1BA01AF0003B43A2 /* Resources */ = {
			isa = PBXResourcesBuildPhase;
			buildActionMask = 2147483647;
			files = (
			);
			runOnlyForDeploymentPostprocessing = 0;
		};
/* End PBXResourcesBuildPhase section */

/* Begin PBXSourcesBuildPhase section */
		97E5AD301BA01AF0003B43A2 /* Sources */ = {
			isa = PBXSourcesBuildPhase;
			buildActionMask = 2147483647;
			files = (
				974B2DCE1BA2B25000F42CCA /* ARPhotoPickerAssetsToolBar.m in Sources */,
				974B2DA91BA14D8900F42CCA /* ARPhotoPickerAssetsController.m in Sources */,
				97E5AD401BA01AF0003B43A2 /* ViewController.m in Sources */,
				974B2DAE1BA14D8900F42CCA /* ARPhotoPickerAssetsFooterView.m in Sources */,
				97E5AD3D1BA01AF0003B43A2 /* AppDelegate.m in Sources */,
				974B2DAB1BA14D8900F42CCA /* ARPhotoPickerGroupController.m in Sources */,
				974B2DAA1BA14D8900F42CCA /* ARPhotoPickerController.m in Sources */,
				97E5AD3A1BA01AF0003B43A2 /* main.m in Sources */,
				974B2DD31BA2C4F500F42CCA /* ARPhotoPickerAssetItemViewController.m in Sources */,
				974B2DC51BA2824E00F42CCA /* ARPhotoPickerPreviewController.m in Sources */,
				974B2DC81BA282E400F42CCA /* UIView+ARPPAutoLayout.m in Sources */,
				974B2DAC1BA14D8900F42CCA /* ARPhotoPickerAssetCell.m in Sources */,
				974B2DB71BA1763C00F42CCA /* PHAsset+ARPhotoPicker.m in Sources */,
				974B2DB01BA14D8900F42CCA /* ARPhotoPickerGroupCell.m in Sources */,
			);
			runOnlyForDeploymentPostprocessing = 0;
		};
		97E5AD491BA01AF0003B43A2 /* Sources */ = {
			isa = PBXSourcesBuildPhase;
			buildActionMask = 2147483647;
			files = (
				97E5AD541BA01AF0003B43A2 /* ARPhotoPickerExampleTests.m in Sources */,
			);
			runOnlyForDeploymentPostprocessing = 0;
		};
/* End PBXSourcesBuildPhase section */

/* Begin PBXTargetDependency section */
		97E5AD4F1BA01AF0003B43A2 /* PBXTargetDependency */ = {
			isa = PBXTargetDependency;
			target = 97E5AD331BA01AF0003B43A2 /* ARPhotoPickerExample */;
			targetProxy = 97E5AD4E1BA01AF0003B43A2 /* PBXContainerItemProxy */;
		};
/* End PBXTargetDependency section */

/* Begin PBXVariantGroup section */
		974B2DBC1BA2759900F42CCA /* ARPhotoPicker.strings */ = {
			isa = PBXVariantGroup;
			children = (
				974B2DC01BA2773100F42CCA /* zh-Hans */,
				974B2DC11BA2775700F42CCA /* en */,
			);
			name = ARPhotoPicker.strings;
			sourceTree = "<group>";
		};
		97E5AD411BA01AF0003B43A2 /* Main.storyboard */ = {
			isa = PBXVariantGroup;
			children = (
				97E5AD421BA01AF0003B43A2 /* Base */,
				974B2DBE1BA2773100F42CCA /* zh-Hans */,
			);
			name = Main.storyboard;
			sourceTree = "<group>";
		};
		97E5AD461BA01AF0003B43A2 /* LaunchScreen.xib */ = {
			isa = PBXVariantGroup;
			children = (
				97E5AD471BA01AF0003B43A2 /* Base */,
				974B2DBF1BA2773100F42CCA /* zh-Hans */,
			);
			name = LaunchScreen.xib;
			sourceTree = "<group>";
		};
/* End PBXVariantGroup section */

/* Begin XCBuildConfiguration section */
		97E5AD551BA01AF0003B43A2 /* Debug */ = {
			isa = XCBuildConfiguration;
			buildSettings = {
				ALWAYS_SEARCH_USER_PATHS = NO;
				CLANG_CXX_LANGUAGE_STANDARD = "gnu++0x";
				CLANG_CXX_LIBRARY = "libc++";
				CLANG_ENABLE_MODULES = YES;
				CLANG_ENABLE_OBJC_ARC = YES;
				CLANG_WARN_BOOL_CONVERSION = YES;
				CLANG_WARN_CONSTANT_CONVERSION = YES;
				CLANG_WARN_DIRECT_OBJC_ISA_USAGE = YES_ERROR;
				CLANG_WARN_EMPTY_BODY = YES;
				CLANG_WARN_ENUM_CONVERSION = YES;
				CLANG_WARN_INT_CONVERSION = YES;
				CLANG_WARN_OBJC_ROOT_CLASS = YES_ERROR;
				CLANG_WARN_UNREACHABLE_CODE = YES;
				CLANG_WARN__DUPLICATE_METHOD_MATCH = YES;
				"CODE_SIGN_IDENTITY[sdk=iphoneos*]" = "iPhone Developer";
				COPY_PHASE_STRIP = NO;
				DEBUG_INFORMATION_FORMAT = "dwarf-with-dsym";
				ENABLE_STRICT_OBJC_MSGSEND = YES;
				GCC_C_LANGUAGE_STANDARD = gnu99;
				GCC_DYNAMIC_NO_PIC = NO;
				GCC_NO_COMMON_BLOCKS = YES;
				GCC_OPTIMIZATION_LEVEL = 0;
				GCC_PREPROCESSOR_DEFINITIONS = (
					"DEBUG=1",
					"$(inherited)",
				);
				GCC_SYMBOLS_PRIVATE_EXTERN = NO;
				GCC_WARN_64_TO_32_BIT_CONVERSION = YES;
				GCC_WARN_ABOUT_RETURN_TYPE = YES_ERROR;
				GCC_WARN_UNDECLARED_SELECTOR = YES;
				GCC_WARN_UNINITIALIZED_AUTOS = YES_AGGRESSIVE;
				GCC_WARN_UNUSED_FUNCTION = YES;
				GCC_WARN_UNUSED_VARIABLE = YES;
				IPHONEOS_DEPLOYMENT_TARGET = 8.4;
				MTL_ENABLE_DEBUG_INFO = YES;
				ONLY_ACTIVE_ARCH = YES;
				SDKROOT = iphoneos;
			};
			name = Debug;
		};
		97E5AD561BA01AF0003B43A2 /* Release */ = {
			isa = XCBuildConfiguration;
			buildSettings = {
				ALWAYS_SEARCH_USER_PATHS = NO;
				CLANG_CXX_LANGUAGE_STANDARD = "gnu++0x";
				CLANG_CXX_LIBRARY = "libc++";
				CLANG_ENABLE_MODULES = YES;
				CLANG_ENABLE_OBJC_ARC = YES;
				CLANG_WARN_BOOL_CONVERSION = YES;
				CLANG_WARN_CONSTANT_CONVERSION = YES;
				CLANG_WARN_DIRECT_OBJC_ISA_USAGE = YES_ERROR;
				CLANG_WARN_EMPTY_BODY = YES;
				CLANG_WARN_ENUM_CONVERSION = YES;
				CLANG_WARN_INT_CONVERSION = YES;
				CLANG_WARN_OBJC_ROOT_CLASS = YES_ERROR;
				CLANG_WARN_UNREACHABLE_CODE = YES;
				CLANG_WARN__DUPLICATE_METHOD_MATCH = YES;
				"CODE_SIGN_IDENTITY[sdk=iphoneos*]" = "iPhone Developer";
				COPY_PHASE_STRIP = NO;
				DEBUG_INFORMATION_FORMAT = "dwarf-with-dsym";
				ENABLE_NS_ASSERTIONS = NO;
				ENABLE_STRICT_OBJC_MSGSEND = YES;
				GCC_C_LANGUAGE_STANDARD = gnu99;
				GCC_NO_COMMON_BLOCKS = YES;
				GCC_WARN_64_TO_32_BIT_CONVERSION = YES;
				GCC_WARN_ABOUT_RETURN_TYPE = YES_ERROR;
				GCC_WARN_UNDECLARED_SELECTOR = YES;
				GCC_WARN_UNINITIALIZED_AUTOS = YES_AGGRESSIVE;
				GCC_WARN_UNUSED_FUNCTION = YES;
				GCC_WARN_UNUSED_VARIABLE = YES;
				IPHONEOS_DEPLOYMENT_TARGET = 8.4;
				MTL_ENABLE_DEBUG_INFO = NO;
				SDKROOT = iphoneos;
				VALIDATE_PRODUCT = YES;
			};
			name = Release;
		};
		97E5AD581BA01AF0003B43A2 /* Debug */ = {
			isa = XCBuildConfiguration;
			buildSettings = {
				ASSETCATALOG_COMPILER_APPICON_NAME = AppIcon;
				INFOPLIST_FILE = ARPhotoPickerExample/Info.plist;
				LD_RUNPATH_SEARCH_PATHS = "$(inherited) @executable_path/Frameworks";
				PRODUCT_NAME = "$(TARGET_NAME)";
			};
			name = Debug;
		};
		97E5AD591BA01AF0003B43A2 /* Release */ = {
			isa = XCBuildConfiguration;
			buildSettings = {
				ASSETCATALOG_COMPILER_APPICON_NAME = AppIcon;
				INFOPLIST_FILE = ARPhotoPickerExample/Info.plist;
				LD_RUNPATH_SEARCH_PATHS = "$(inherited) @executable_path/Frameworks";
				PRODUCT_NAME = "$(TARGET_NAME)";
			};
			name = Release;
		};
		97E5AD5B1BA01AF0003B43A2 /* Debug */ = {
			isa = XCBuildConfiguration;
			buildSettings = {
				BUNDLE_LOADER = "$(TEST_HOST)";
				FRAMEWORK_SEARCH_PATHS = (
					"$(SDKROOT)/Developer/Library/Frameworks",
					"$(inherited)",
				);
				GCC_PREPROCESSOR_DEFINITIONS = (
					"DEBUG=1",
					"$(inherited)",
				);
				INFOPLIST_FILE = ARPhotoPickerExampleTests/Info.plist;
				LD_RUNPATH_SEARCH_PATHS = "$(inherited) @executable_path/Frameworks @loader_path/Frameworks";
				PRODUCT_NAME = "$(TARGET_NAME)";
				TEST_HOST = "$(BUILT_PRODUCTS_DIR)/ARPhotoPickerExample.app/ARPhotoPickerExample";
			};
			name = Debug;
		};
		97E5AD5C1BA01AF0003B43A2 /* Release */ = {
			isa = XCBuildConfiguration;
			buildSettings = {
				BUNDLE_LOADER = "$(TEST_HOST)";
				FRAMEWORK_SEARCH_PATHS = (
					"$(SDKROOT)/Developer/Library/Frameworks",
					"$(inherited)",
				);
				INFOPLIST_FILE = ARPhotoPickerExampleTests/Info.plist;
				LD_RUNPATH_SEARCH_PATHS = "$(inherited) @executable_path/Frameworks @loader_path/Frameworks";
				PRODUCT_NAME = "$(TARGET_NAME)";
				TEST_HOST = "$(BUILT_PRODUCTS_DIR)/ARPhotoPickerExample.app/ARPhotoPickerExample";
			};
			name = Release;
		};
/* End XCBuildConfiguration section */

/* Begin XCConfigurationList section */
		97E5AD2F1BA01AF0003B43A2 /* Build configuration list for PBXProject "ARPhotoPickerExample" */ = {
			isa = XCConfigurationList;
			buildConfigurations = (
				97E5AD551BA01AF0003B43A2 /* Debug */,
				97E5AD561BA01AF0003B43A2 /* Release */,
			);
			defaultConfigurationIsVisible = 0;
			defaultConfigurationName = Release;
		};
		97E5AD571BA01AF0003B43A2 /* Build configuration list for PBXNativeTarget "ARPhotoPickerExample" */ = {
			isa = XCConfigurationList;
			buildConfigurations = (
				97E5AD581BA01AF0003B43A2 /* Debug */,
				97E5AD591BA01AF0003B43A2 /* Release */,
			);
			defaultConfigurationIsVisible = 0;
			defaultConfigurationName = Release;
		};
		97E5AD5A1BA01AF0003B43A2 /* Build configuration list for PBXNativeTarget "ARPhotoPickerExampleTests" */ = {
			isa = XCConfigurationList;
			buildConfigurations = (
				97E5AD5B1BA01AF0003B43A2 /* Debug */,
				97E5AD5C1BA01AF0003B43A2 /* Release */,
			);
			defaultConfigurationIsVisible = 0;
			defaultConfigurationName = Release;
		};
/* End XCConfigurationList section */
	};
	rootObject = 97E5AD2C1BA01AF0003B43A2 /* Project object */;
}
